# tiles lock (sha256) - generated on 2026-03-01T11:33:57Z
5ae46de8765738187290fe71f58c617d3d644761887929f0ff60ca895668ce2a  web/scripts/generate-tiles.mjs
91807e4d31fd19cd1c9c72dbbf986e49f531fcf4a927dba5081a4e538004ed47  web/src/app/api/tiles/[planId]/[z]/[x]/[y].png/route.ts
a2cbe1e583fde38bc393d7c60f77844fcc1d9f83b1d2a86d9c28fac1a853de2b  web/src/components/PlanMap.tsx
b6b4dac5eec3e78c9bd05ea9063ac8144807daa55af2b54f7fece0c69f5b668a  web/src/components/PlanViewer.tsx
