# tiles lock (sha256) - generated on 2026-02-05T14:07:35Z
30752a74e9fa317029edd82ce4eaffe20fa3a494b07f0341e29440bd7c5c712a  web/scripts/generate-tiles.mjs
34477d998c7ecb14fb1e21dbb63c3e208b2c7b55fe3d33dc875d1df09c3df733  web/src/components/PlanViewer.tsx
6c3883310a4567a98a85c9febf0a18311e7594291d8ce1d3ae678d1123c29383  web/src/app/api/tiles/[planId]/[z]/[x]/[y].png/route.ts
bbf15f1ae6ea5b0cd3487455f1177f2de6dfee3ddc6d9b26adf6a3290ce7b9b3  web/src/components/PlanMap.tsx
