# tiles lock (sha256) - generated on 2026-02-11T19:03:58Z
30752a74e9fa317029edd82ce4eaffe20fa3a494b07f0341e29440bd7c5c712a  web/scripts/generate-tiles.mjs
56de5fc9a510c9d4c58ed02cd02a2b24673bf2cf99b08b1bec9cbe71a9959f7a  web/src/components/PlanMap.tsx
d579dd7a1ab096244e3afff0e67d29e0a496949b100b17eb0ce2a6cf2fc0f729  web/src/app/api/tiles/[planId]/[z]/[x]/[y].png/route.ts
d81bf6f346fb97da660d7a91a93bad708db5c7a8e9f3661225800f7e0f674d55  web/src/components/PlanViewer.tsx
